
Microsoft Visual Studio Solution File, Format Version 12.00
# Visual Studio Version 17
VisualStudioVersion = 17.6.33717.318
MinimumVisualStudioVersion = 10.0.40219.1
Project("{2150E333-8FDC-42A3-9474-1A3956D46DE8}") = "ChainOfResponsibilty", "ChainOfResponsibilty", "{92F00777-376C-449E-831F-A6B982799D37}"
EndProject
Project("{9A19103F-16F7-4668-BE54-9A1E7A4F7556}") = "DesignPattern.ChainOfResponsibilty", "ChainOfResponsibilty\DesignPattern.ChainOfResponsibilty\DesignPattern.ChainOfResponsibilty.csproj", "{85D9E406-F609-4080-B7FA-19BF16C61344}"
EndProject
Project("{2150E333-8FDC-42A3-9474-1A3956D46DE8}") = "CQRSDesignPattern", "CQRSDesignPattern", "{B1E7036B-A8F9-4DF2-BCA8-4577B616EA4E}"
EndProject
Project("{9A19103F-16F7-4668-BE54-9A1E7A4F7556}") = "DesignPattern.CQRS", "CQRSDesignPattern\DesignPattern.CQRS\DesignPattern.CQRS.csproj", "{52B5448E-3188-45FA-A863-24A4A2B7E719}"
EndProject
Project("{2150E333-8FDC-42A3-9474-1A3956D46DE8}") = "TemplateMethodDesignPattern", "TemplateMethodDesignPattern", "{DC4C4190-D712-451E-B401-C4FA605518DD}"
EndProject
Project("{FAE04EC0-301F-11D3-BF4B-00C04F79EFBC}") = "DesignPattern.TemplateMethod", "TemplateMethodDesignPattern\DesignPattern.TemplateMethod\DesignPattern.TemplateMethod.csproj", "{60301733-3A26-47F4-89EF-081F6BF4ABFE}"
EndProject
Global
	GlobalSection(SolutionConfigurationPlatforms) = preSolution
		Debug|Any CPU = Debug|Any CPU
		Release|Any CPU = Release|Any CPU
	EndGlobalSection
	GlobalSection(ProjectConfigurationPlatforms) = postSolution
		{85D9E406-F609-4080-B7FA-19BF16C61344}.Debug|Any CPU.ActiveCfg = Debug|Any CPU
		{85D9E406-F609-4080-B7FA-19BF16C61344}.Debug|Any CPU.Build.0 = Debug|Any CPU
		{85D9E406-F609-4080-B7FA-19BF16C61344}.Release|Any CPU.ActiveCfg = Release|Any CPU
		{85D9E406-F609-4080-B7FA-19BF16C61344}.Release|Any CPU.Build.0 = Release|Any CPU
		{52B5448E-3188-45FA-A863-24A4A2B7E719}.Debug|Any CPU.ActiveCfg = Debug|Any CPU
		{52B5448E-3188-45FA-A863-24A4A2B7E719}.Debug|Any CPU.Build.0 = Debug|Any CPU
		{52B5448E-3188-45FA-A863-24A4A2B7E719}.Release|Any CPU.ActiveCfg = Release|Any CPU
		{52B5448E-3188-45FA-A863-24A4A2B7E719}.Release|Any CPU.Build.0 = Release|Any CPU
		{60301733-3A26-47F4-89EF-081F6BF4ABFE}.Debug|Any CPU.ActiveCfg = Debug|Any CPU
		{60301733-3A26-47F4-89EF-081F6BF4ABFE}.Debug|Any CPU.Build.0 = Debug|Any CPU
		{60301733-3A26-47F4-89EF-081F6BF4ABFE}.Release|Any CPU.ActiveCfg = Release|Any CPU
		{60301733-3A26-47F4-89EF-081F6BF4ABFE}.Release|Any CPU.Build.0 = Release|Any CPU
	EndGlobalSection
	GlobalSection(SolutionProperties) = preSolution
		HideSolutionNode = FALSE
	EndGlobalSection
	GlobalSection(NestedProjects) = preSolution
		{85D9E406-F609-4080-B7FA-19BF16C61344} = {92F00777-376C-449E-831F-A6B982799D37}
		{52B5448E-3188-45FA-A863-24A4A2B7E719} = {B1E7036B-A8F9-4DF2-BCA8-4577B616EA4E}
		{60301733-3A26-47F4-89EF-081F6BF4ABFE} = {DC4C4190-D712-451E-B401-C4FA605518DD}
	EndGlobalSection
	GlobalSection(ExtensibilityGlobals) = postSolution
		SolutionGuid = {AF2127D6-9754-43EA-B871-88D60BCABAC9}
	EndGlobalSection
EndGlobal
